PODS:
  - Sourcery (2.2.5):
    - Sourcery/CLI-Only (= 2.2.5)
  - Sourcery/CLI-Only (2.2.5)
  - SwiftyMocky (4.2.0):
    - Sourcery (= 2.2.5)

DEPENDENCIES:
  - SwiftyMocky (from `./`)

SPEC REPOS:
  trunk:
    - Sourcery

EXTERNAL SOURCES:
  SwiftyMocky:
    :path: "./"

SPEC CHECKSUMS:
  Sourcery: 088e2f5a70844da8bc439f9eb9d88f35fc702f93
  SwiftyMocky: 7434b3272850d2946264e04b7d8e830ce1847d2c

PODFILE CHECKSUM: 2ab93d86c0425411ab355ce8d1db22c376a89531

COCOAPODS: 1.15.2
